// !$*UTF8*$!
{
	archiveVersion = 1;
	classes = {
	};
	objectVersion = 55;
	objects = {

/* Begin PBXBuildFile section */
		52E516C92860C19600ABAF09 /* AppDelegate.swift in Sources */ = {isa = PBXBuildFile; fileRef = 52E516C82860C19600ABAF09 /* AppDelegate.swift */; };
		52E516CB2860C19600ABAF09 /* SceneDelegate.swift in Sources */ = {isa = PBXBuildFile; fileRef = 52E516CA2860C19600ABAF09 /* SceneDelegate.swift */; };
		52E516D22860C19700ABAF09 /* Assets.xcassets in Resources */ = {isa = PBXBuildFile; fileRef = 52E516D12860C19700ABAF09 /* Assets.xcassets */; };
		52E516D52860C19700ABAF09 /* LaunchScreen.storyboard in Resources */ = {isa = PBXBuildFile; fileRef = 52E516D32860C19700ABAF09 /* LaunchScreen.storyboard */; };
		52E516E02860C24800ABAF09 /* city_list.json in Resources */ = {isa = PBXBuildFile; fileRef = 52E516DF2860C24800ABAF09 /* city_list.json */; };
		52E516E52860C2B500ABAF09 /* CitiesListViewController.swift in Sources */ = {isa = PBXBuildFile; fileRef = 52E516E12860C2B500ABAF09 /* CitiesListViewController.swift */; };
		52E516E62860C2B500ABAF09 /* CitiesListAssembly.swift in Sources */ = {isa = PBXBuildFile; fileRef = 52E516E22860C2B500ABAF09 /* CitiesListAssembly.swift */; };
		52E516E72860C2B500ABAF09 /* CitiesListViewModel.swift in Sources */ = {isa = PBXBuildFile; fileRef = 52E516E32860C2B500ABAF09 /* CitiesListViewModel.swift */; };
		52E516E82860C2B500ABAF09 /* CitiesListViewController.xib in Resources */ = {isa = PBXBuildFile; fileRef = 52E516E42860C2B500ABAF09 /* CitiesListViewController.xib */; };
		52E516EC2860C42200ABAF09 /* ITWSingleLineNavigationController.swift in Sources */ = {isa = PBXBuildFile; fileRef = 52E516EB2860C42200ABAF09 /* ITWSingleLineNavigationController.swift */; };
		52E516EF2860C50300ABAF09 /* JSONParserService.swift in Sources */ = {isa = PBXBuildFile; fileRef = 52E516EE2860C50300ABAF09 /* JSONParserService.swift */; };
		52E516F22860C55500ABAF09 /* ITWError.swift in Sources */ = {isa = PBXBuildFile; fileRef = 52E516F12860C55500ABAF09 /* ITWError.swift */; };
		52E516F52860D8C000ABAF09 /* CitiesTableView.swift in Sources */ = {isa = PBXBuildFile; fileRef = 52E516F42860D8C000ABAF09 /* CitiesTableView.swift */; };
		52E516F82860D8EB00ABAF09 /* CityTableViewCell.swift in Sources */ = {isa = PBXBuildFile; fileRef = 52E516F62860D8EB00ABAF09 /* CityTableViewCell.swift */; };
		52E516F92860D8EB00ABAF09 /* CityTableViewCell.xib in Resources */ = {isa = PBXBuildFile; fileRef = 52E516F72860D8EB00ABAF09 /* CityTableViewCell.xib */; };
		52E517002860E2B200ABAF09 /* UIImage + Extensions.swift in Sources */ = {isa = PBXBuildFile; fileRef = 52E516FF2860E2B200ABAF09 /* UIImage + Extensions.swift */; };
		52E517022860E32400ABAF09 /* CityCoordinates.swift in Sources */ = {isa = PBXBuildFile; fileRef = 52E517012860E32300ABAF09 /* CityCoordinates.swift */; };
		52E517042860E33A00ABAF09 /* CityModel.swift in Sources */ = {isa = PBXBuildFile; fileRef = 52E517032860E33A00ABAF09 /* CityModel.swift */; };
		52E517062860E35000ABAF09 /* CityViewModel.swift in Sources */ = {isa = PBXBuildFile; fileRef = 52E517052860E35000ABAF09 /* CityViewModel.swift */; };
		52E517082860E36300ABAF09 /* CityAvatar.swift in Sources */ = {isa = PBXBuildFile; fileRef = 52E517072860E36300ABAF09 /* CityAvatar.swift */; };
		52E5170A2860E38E00ABAF09 /* SpinnerViewController.swift in Sources */ = {isa = PBXBuildFile; fileRef = 52E517092860E38E00ABAF09 /* SpinnerViewController.swift */; };
		52E517112862185000ABAF09 /* Alert + Extensions.swift in Sources */ = {isa = PBXBuildFile; fileRef = 52E517102862185000ABAF09 /* Alert + Extensions.swift */; };
		52E5171628621BA200ABAF09 /* DetailCityViewController.swift in Sources */ = {isa = PBXBuildFile; fileRef = 52E5171228621BA200ABAF09 /* DetailCityViewController.swift */; };
		52E5171728621BA200ABAF09 /* DetailCityAssembly.swift in Sources */ = {isa = PBXBuildFile; fileRef = 52E5171328621BA200ABAF09 /* DetailCityAssembly.swift */; };
		52E5171828621BA200ABAF09 /* DetailCityViewModel.swift in Sources */ = {isa = PBXBuildFile; fileRef = 52E5171428621BA200ABAF09 /* DetailCityViewModel.swift */; };
		52E5171928621BA200ABAF09 /* DetailCityViewController.xib in Resources */ = {isa = PBXBuildFile; fileRef = 52E5171528621BA200ABAF09 /* DetailCityViewController.xib */; };
		52E5171B2862323D00ABAF09 /* UIApplication + Extensions.swift in Sources */ = {isa = PBXBuildFile; fileRef = 52E5171A2862323D00ABAF09 /* UIApplication + Extensions.swift */; };
		52E517482863782B00ABAF09 /* Request.swift in Sources */ = {isa = PBXBuildFile; fileRef = 52E517472863782B00ABAF09 /* Request.swift */; };
		52E5174B2863892E00ABAF09 /* WeatherInfoView.swift in Sources */ = {isa = PBXBuildFile; fileRef = 52E5174A2863892E00ABAF09 /* WeatherInfoView.swift */; };
		52E5174D2863894200ABAF09 /* WeatherInfoView.xib in Resources */ = {isa = PBXBuildFile; fileRef = 52E5174C2863894200ABAF09 /* WeatherInfoView.xib */; };
		52E5174F286389CB00ABAF09 /* NibOwnerLoadable.swift in Sources */ = {isa = PBXBuildFile; fileRef = 52E5174E286389CB00ABAF09 /* NibOwnerLoadable.swift */; };
		52E517512864A36C00ABAF09 /* WeatherModel.swift in Sources */ = {isa = PBXBuildFile; fileRef = 52E517502864A36C00ABAF09 /* WeatherModel.swift */; };
		52E517532864A45300ABAF09 /* Endpoint.swift in Sources */ = {isa = PBXBuildFile; fileRef = 52E517522864A45300ABAF09 /* Endpoint.swift */; };
		52E517552864A46E00ABAF09 /* HTTPClient.swift in Sources */ = {isa = PBXBuildFile; fileRef = 52E517542864A46E00ABAF09 /* HTTPClient.swift */; };
		52E517572864A49A00ABAF09 /* WeatherEndpoint.swift in Sources */ = {isa = PBXBuildFile; fileRef = 52E517562864A49A00ABAF09 /* WeatherEndpoint.swift */; };
/* End PBXBuildFile section */

/* Begin PBXFileReference section */
		52E516C52860C19600ABAF09 /* InfoTechWeatherApp.app */ = {isa = PBXFileReference; explicitFileType = wrapper.application; includeInIndex = 0; path = InfoTechWeatherApp.app; sourceTree = BUILT_PRODUCTS_DIR; };
		52E516C82860C19600ABAF09 /* AppDelegate.swift */ = {isa = PBXFileReference; lastKnownFileType = sourcecode.swift; path = AppDelegate.swift; sourceTree = "<group>"; };
		52E516CA2860C19600ABAF09 /* SceneDelegate.swift */ = {isa = PBXFileReference; lastKnownFileType = sourcecode.swift; path = SceneDelegate.swift; sourceTree = "<group>"; };
		52E516D12860C19700ABAF09 /* Assets.xcassets */ = {isa = PBXFileReference; lastKnownFileType = folder.assetcatalog; path = Assets.xcassets; sourceTree = "<group>"; };
		52E516D42860C19700ABAF09 /* Base */ = {isa = PBXFileReference; lastKnownFileType = file.storyboard; name = Base; path = Base.lproj/LaunchScreen.storyboard; sourceTree = "<group>"; };
		52E516D62860C19700ABAF09 /* Info.plist */ = {isa = PBXFileReference; lastKnownFileType = text.plist.xml; path = Info.plist; sourceTree = "<group>"; };
		52E516DF2860C24800ABAF09 /* city_list.json */ = {isa = PBXFileReference; fileEncoding = 4; lastKnownFileType = text.json; path = city_list.json; sourceTree = "<group>"; };
		52E516E12860C2B500ABAF09 /* CitiesListViewController.swift */ = {isa = PBXFileReference; lastKnownFileType = sourcecode.swift; path = CitiesListViewController.swift; sourceTree = "<group>"; };
		52E516E22860C2B500ABAF09 /* CitiesListAssembly.swift */ = {isa = PBXFileReference; lastKnownFileType = sourcecode.swift; path = CitiesListAssembly.swift; sourceTree = "<group>"; };
		52E516E32860C2B500ABAF09 /* CitiesListViewModel.swift */ = {isa = PBXFileReference; lastKnownFileType = sourcecode.swift; path = CitiesListViewModel.swift; sourceTree = "<group>"; };
		52E516E42860C2B500ABAF09 /* CitiesListViewController.xib */ = {isa = PBXFileReference; lastKnownFileType = file.xib; path = CitiesListViewController.xib; sourceTree = "<group>"; };
		52E516EB2860C42200ABAF09 /* ITWSingleLineNavigationController.swift */ = {isa = PBXFileReference; lastKnownFileType = sourcecode.swift; path = ITWSingleLineNavigationController.swift; sourceTree = "<group>"; };
		52E516EE2860C50300ABAF09 /* JSONParserService.swift */ = {isa = PBXFileReference; lastKnownFileType = sourcecode.swift; path = JSONParserService.swift; sourceTree = "<group>"; };
		52E516F12860C55500ABAF09 /* ITWError.swift */ = {isa = PBXFileReference; lastKnownFileType = sourcecode.swift; path = ITWError.swift; sourceTree = "<group>"; };
		52E516F42860D8C000ABAF09 /* CitiesTableView.swift */ = {isa = PBXFileReference; lastKnownFileType = sourcecode.swift; path = CitiesTableView.swift; sourceTree = "<group>"; };
		52E516F62860D8EB00ABAF09 /* CityTableViewCell.swift */ = {isa = PBXFileReference; lastKnownFileType = sourcecode.swift; path = CityTableViewCell.swift; sourceTree = "<group>"; };
		52E516F72860D8EB00ABAF09 /* CityTableViewCell.xib */ = {isa = PBXFileReference; lastKnownFileType = file.xib; path = CityTableViewCell.xib; sourceTree = "<group>"; };
		52E516FF2860E2B200ABAF09 /* UIImage + Extensions.swift */ = {isa = PBXFileReference; lastKnownFileType = sourcecode.swift; path = "UIImage + Extensions.swift"; sourceTree = "<group>"; };
		52E517012860E32300ABAF09 /* CityCoordinates.swift */ = {isa = PBXFileReference; lastKnownFileType = sourcecode.swift; path = CityCoordinates.swift; sourceTree = "<group>"; };
		52E517032860E33A00ABAF09 /* CityModel.swift */ = {isa = PBXFileReference; lastKnownFileType = sourcecode.swift; path = CityModel.swift; sourceTree = "<group>"; };
		52E517052860E35000ABAF09 /* CityViewModel.swift */ = {isa = PBXFileReference; lastKnownFileType = sourcecode.swift; path = CityViewModel.swift; sourceTree = "<group>"; };
		52E517072860E36300ABAF09 /* CityAvatar.swift */ = {isa = PBXFileReference; lastKnownFileType = sourcecode.swift; path = CityAvatar.swift; sourceTree = "<group>"; };
		52E517092860E38E00ABAF09 /* SpinnerViewController.swift */ = {isa = PBXFileReference; lastKnownFileType = sourcecode.swift; path = SpinnerViewController.swift; sourceTree = "<group>"; };
		52E517102862185000ABAF09 /* Alert + Extensions.swift */ = {isa = PBXFileReference; lastKnownFileType = sourcecode.swift; path = "Alert + Extensions.swift"; sourceTree = "<group>"; };
		52E5171228621BA200ABAF09 /* DetailCityViewController.swift */ = {isa = PBXFileReference; lastKnownFileType = sourcecode.swift; path = DetailCityViewController.swift; sourceTree = "<group>"; };
		52E5171328621BA200ABAF09 /* DetailCityAssembly.swift */ = {isa = PBXFileReference; lastKnownFileType = sourcecode.swift; path = DetailCityAssembly.swift; sourceTree = "<group>"; };
		52E5171428621BA200ABAF09 /* DetailCityViewModel.swift */ = {isa = PBXFileReference; lastKnownFileType = sourcecode.swift; path = DetailCityViewModel.swift; sourceTree = "<group>"; };
		52E5171528621BA200ABAF09 /* DetailCityViewController.xib */ = {isa = PBXFileReference; lastKnownFileType = file.xib; path = DetailCityViewController.xib; sourceTree = "<group>"; };
		52E5171A2862323D00ABAF09 /* UIApplication + Extensions.swift */ = {isa = PBXFileReference; lastKnownFileType = sourcecode.swift; path = "UIApplication + Extensions.swift"; sourceTree = "<group>"; };
		52E517472863782B00ABAF09 /* Request.swift */ = {isa = PBXFileReference; lastKnownFileType = sourcecode.swift; path = Request.swift; sourceTree = "<group>"; };
		52E5174A2863892E00ABAF09 /* WeatherInfoView.swift */ = {isa = PBXFileReference; lastKnownFileType = sourcecode.swift; path = WeatherInfoView.swift; sourceTree = "<group>"; };
		52E5174C2863894200ABAF09 /* WeatherInfoView.xib */ = {isa = PBXFileReference; lastKnownFileType = file.xib; path = WeatherInfoView.xib; sourceTree = "<group>"; };
		52E5174E286389CB00ABAF09 /* NibOwnerLoadable.swift */ = {isa = PBXFileReference; lastKnownFileType = sourcecode.swift; path = NibOwnerLoadable.swift; sourceTree = "<group>"; };
		52E517502864A36C00ABAF09 /* WeatherModel.swift */ = {isa = PBXFileReference; lastKnownFileType = sourcecode.swift; path = WeatherModel.swift; sourceTree = "<group>"; };
		52E517522864A45300ABAF09 /* Endpoint.swift */ = {isa = PBXFileReference; lastKnownFileType = sourcecode.swift; path = Endpoint.swift; sourceTree = "<group>"; };
		52E517542864A46E00ABAF09 /* HTTPClient.swift */ = {isa = PBXFileReference; lastKnownFileType = sourcecode.swift; path = HTTPClient.swift; sourceTree = "<group>"; };
		52E517562864A49A00ABAF09 /* WeatherEndpoint.swift */ = {isa = PBXFileReference; lastKnownFileType = sourcecode.swift; path = WeatherEndpoint.swift; sourceTree = "<group>"; };
/* End PBXFileReference section */

/* Begin PBXFrameworksBuildPhase section */
		52E516C22860C19600ABAF09 /* Frameworks */ = {
			isa = PBXFrameworksBuildPhase;
			buildActionMask = 2147483647;
			files = (
			);
			runOnlyForDeploymentPostprocessing = 0;
		};
/* End PBXFrameworksBuildPhase section */

/* Begin PBXGroup section */
		52E516BC2860C19600ABAF09 = {
			isa = PBXGroup;
			children = (
				52E516C72860C19600ABAF09 /* InfoTechWeatherApp */,
				52E516C62860C19600ABAF09 /* Products */,
			);
			sourceTree = "<group>";
		};
		52E516C62860C19600ABAF09 /* Products */ = {
			isa = PBXGroup;
			children = (
				52E516C52860C19600ABAF09 /* InfoTechWeatherApp.app */,
			);
			name = Products;
			sourceTree = "<group>";
		};
		52E516C72860C19600ABAF09 /* InfoTechWeatherApp */ = {
			isa = PBXGroup;
			children = (
				52E516F02860C54900ABAF09 /* Models */,
				52E516EA2860C40700ABAF09 /* Custom UI */,
				52E516DC2860C1EC00ABAF09 /* Environment */,
				52E516FE2860E29C00ABAF09 /* Extensions */,
				52E516DE2860C21200ABAF09 /* Modules */,
				52E516DD2860C20C00ABAF09 /* Resources */,
				52E516ED2860C4F700ABAF09 /* Services */,
			);
			path = InfoTechWeatherApp;
			sourceTree = "<group>";
		};
		52E516DC2860C1EC00ABAF09 /* Environment */ = {
			isa = PBXGroup;
			children = (
				52E516D12860C19700ABAF09 /* Assets.xcassets */,
				52E516D32860C19700ABAF09 /* LaunchScreen.storyboard */,
				52E516C82860C19600ABAF09 /* AppDelegate.swift */,
				52E516CA2860C19600ABAF09 /* SceneDelegate.swift */,
				52E516D62860C19700ABAF09 /* Info.plist */,
				52E5174E286389CB00ABAF09 /* NibOwnerLoadable.swift */,
			);
			path = Environment;
			sourceTree = "<group>";
		};
		52E516DD2860C20C00ABAF09 /* Resources */ = {
			isa = PBXGroup;
			children = (
				52E516DF2860C24800ABAF09 /* city_list.json */,
			);
			path = Resources;
			sourceTree = "<group>";
		};
		52E516DE2860C21200ABAF09 /* Modules */ = {
			isa = PBXGroup;
			children = (
				52E516E92860C2C300ABAF09 /* Cities list */,
				52E5170F2862181400ABAF09 /* Detail city */,
			);
			path = Modules;
			sourceTree = "<group>";
		};
		52E516E92860C2C300ABAF09 /* Cities list */ = {
			isa = PBXGroup;
			children = (
				52E516E22860C2B500ABAF09 /* CitiesListAssembly.swift */,
				52E516E32860C2B500ABAF09 /* CitiesListViewModel.swift */,
				52E516E12860C2B500ABAF09 /* CitiesListViewController.swift */,
				52E516E42860C2B500ABAF09 /* CitiesListViewController.xib */,
				52E516F32860D8A600ABAF09 /* Common */,
			);
			path = "Cities list";
			sourceTree = "<group>";
		};
		52E516EA2860C40700ABAF09 /* Custom UI */ = {
			isa = PBXGroup;
			children = (
				52E516EB2860C42200ABAF09 /* ITWSingleLineNavigationController.swift */,
				52E517092860E38E00ABAF09 /* SpinnerViewController.swift */,
			);
			path = "Custom UI";
			sourceTree = "<group>";
		};
		52E516ED2860C4F700ABAF09 /* Services */ = {
			isa = PBXGroup;
			children = (
				52E5173E286346E800ABAF09 /* Network */,
				52E516EE2860C50300ABAF09 /* JSONParserService.swift */,
			);
			path = Services;
			sourceTree = "<group>";
		};
		52E516F02860C54900ABAF09 /* Models */ = {
			isa = PBXGroup;
			children = (
				52E516F12860C55500ABAF09 /* ITWError.swift */,
				52E517012860E32300ABAF09 /* CityCoordinates.swift */,
				52E517032860E33A00ABAF09 /* CityModel.swift */,
				52E517052860E35000ABAF09 /* CityViewModel.swift */,
				52E517072860E36300ABAF09 /* CityAvatar.swift */,
				52E517502864A36C00ABAF09 /* WeatherModel.swift */,
			);
			path = Models;
			sourceTree = "<group>";
		};
		52E516F32860D8A600ABAF09 /* Common */ = {
			isa = PBXGroup;
			children = (
				52E516F42860D8C000ABAF09 /* CitiesTableView.swift */,
				52E516F62860D8EB00ABAF09 /* CityTableViewCell.swift */,
				52E516F72860D8EB00ABAF09 /* CityTableViewCell.xib */,
			);
			path = Common;
			sourceTree = "<group>";
		};
		52E516FE2860E29C00ABAF09 /* Extensions */ = {
			isa = PBXGroup;
			children = (
				52E517102862185000ABAF09 /* Alert + Extensions.swift */,
				52E516FF2860E2B200ABAF09 /* UIImage + Extensions.swift */,
				52E5171A2862323D00ABAF09 /* UIApplication + Extensions.swift */,
			);
			path = Extensions;
			sourceTree = "<group>";
		};
		52E5170F2862181400ABAF09 /* Detail city */ = {
			isa = PBXGroup;
			children = (
				52E5171328621BA200ABAF09 /* DetailCityAssembly.swift */,
				52E5171428621BA200ABAF09 /* DetailCityViewModel.swift */,
				52E5171228621BA200ABAF09 /* DetailCityViewController.swift */,
				52E5171528621BA200ABAF09 /* DetailCityViewController.xib */,
				52E51749286388C100ABAF09 /* Common */,
			);
			path = "Detail city";
			sourceTree = "<group>";
		};
		52E5173E286346E800ABAF09 /* Network */ = {
			isa = PBXGroup;
			children = (
				52E517522864A45300ABAF09 /* Endpoint.swift */,
				52E517542864A46E00ABAF09 /* HTTPClient.swift */,
				52E517472863782B00ABAF09 /* Request.swift */,
				52E517562864A49A00ABAF09 /* WeatherEndpoint.swift */,
			);
			path = Network;
			sourceTree = "<group>";
		};
		52E51749286388C100ABAF09 /* Common */ = {
			isa = PBXGroup;
			children = (
				52E5174A2863892E00ABAF09 /* WeatherInfoView.swift */,
				52E5174C2863894200ABAF09 /* WeatherInfoView.xib */,
			);
			path = Common;
			sourceTree = "<group>";
		};
/* End PBXGroup section */

/* Begin PBXNativeTarget section */
		52E516C42860C19600ABAF09 /* InfoTechWeatherApp */ = {
			isa = PBXNativeTarget;
			buildConfigurationList = 52E516D92860C19700ABAF09 /* Build configuration list for PBXNativeTarget "InfoTechWeatherApp" */;
			buildPhases = (
				52E516C12860C19600ABAF09 /* Sources */,
				52E516C22860C19600ABAF09 /* Frameworks */,
				52E516C32860C19600ABAF09 /* Resources */,
			);
			buildRules = (
			);
			dependencies = (
			);
			name = InfoTechWeatherApp;
			productName = InfoTechWeatherApp;
			productReference = 52E516C52860C19600ABAF09 /* InfoTechWeatherApp.app */;
			productType = "com.apple.product-type.application";
		};
/* End PBXNativeTarget section */

/* Begin PBXProject section */
		52E516BD2860C19600ABAF09 /* Project object */ = {
			isa = PBXProject;
			attributes = {
				BuildIndependentTargetsInParallel = 1;
				LastSwiftUpdateCheck = 1300;
				LastUpgradeCheck = 1300;
				TargetAttributes = {
					52E516C42860C19600ABAF09 = {
						CreatedOnToolsVersion = 13.0;
					};
				};
			};
			buildConfigurationList = 52E516C02860C19600ABAF09 /* Build configuration list for PBXProject "InfoTechWeatherApp" */;
			compatibilityVersion = "Xcode 13.0";
			developmentRegion = en;
			hasScannedForEncodings = 0;
			knownRegions = (
				en,
				Base,
			);
			mainGroup = 52E516BC2860C19600ABAF09;
			productRefGroup = 52E516C62860C19600ABAF09 /* Products */;
			projectDirPath = "";
			projectRoot = "";
			targets = (
				52E516C42860C19600ABAF09 /* InfoTechWeatherApp */,
			);
		};
/* End PBXProject section */

/* Begin PBXResourcesBuildPhase section */
		52E516C32860C19600ABAF09 /* Resources */ = {
			isa = PBXResourcesBuildPhase;
			buildActionMask = 2147483647;
			files = (
				52E5174D2863894200ABAF09 /* WeatherInfoView.xib in Resources */,
				52E5171928621BA200ABAF09 /* DetailCityViewController.xib in Resources */,
				52E516F92860D8EB00ABAF09 /* CityTableViewCell.xib in Resources */,
				52E516D52860C19700ABAF09 /* LaunchScreen.storyboard in Resources */,
				52E516E82860C2B500ABAF09 /* CitiesListViewController.xib in Resources */,
				52E516E02860C24800ABAF09 /* city_list.json in Resources */,
				52E516D22860C19700ABAF09 /* Assets.xcassets in Resources */,
			);
			runOnlyForDeploymentPostprocessing = 0;
		};
/* End PBXResourcesBuildPhase section */

/* Begin PBXSourcesBuildPhase section */
		52E516C12860C19600ABAF09 /* Sources */ = {
			isa = PBXSourcesBuildPhase;
			buildActionMask = 2147483647;
			files = (
				52E5174B2863892E00ABAF09 /* WeatherInfoView.swift in Sources */,
				52E5174F286389CB00ABAF09 /* NibOwnerLoadable.swift in Sources */,
				52E5171828621BA200ABAF09 /* DetailCityViewModel.swift in Sources */,
				52E516F52860D8C000ABAF09 /* CitiesTableView.swift in Sources */,
				52E516E62860C2B500ABAF09 /* CitiesListAssembly.swift in Sources */,
				52E517552864A46E00ABAF09 /* HTTPClient.swift in Sources */,
				52E516F82860D8EB00ABAF09 /* CityTableViewCell.swift in Sources */,
				52E516C92860C19600ABAF09 /* AppDelegate.swift in Sources */,
				52E5170A2860E38E00ABAF09 /* SpinnerViewController.swift in Sources */,
				52E517042860E33A00ABAF09 /* CityModel.swift in Sources */,
				52E517062860E35000ABAF09 /* CityViewModel.swift in Sources */,
				52E517482863782B00ABAF09 /* Request.swift in Sources */,
				52E516CB2860C19600ABAF09 /* SceneDelegate.swift in Sources */,
				52E517572864A49A00ABAF09 /* WeatherEndpoint.swift in Sources */,
				52E5171B2862323D00ABAF09 /* UIApplication + Extensions.swift in Sources */,
				52E516EF2860C50300ABAF09 /* JSONParserService.swift in Sources */,
				52E516E72860C2B500ABAF09 /* CitiesListViewModel.swift in Sources */,
				52E517112862185000ABAF09 /* Alert + Extensions.swift in Sources */,
				52E517532864A45300ABAF09 /* Endpoint.swift in Sources */,
				52E516EC2860C42200ABAF09 /* ITWSingleLineNavigationController.swift in Sources */,
				52E5171628621BA200ABAF09 /* DetailCityViewController.swift in Sources */,
				52E517022860E32400ABAF09 /* CityCoordinates.swift in Sources */,
				52E517512864A36C00ABAF09 /* WeatherModel.swift in Sources */,
				52E5171728621BA200ABAF09 /* DetailCityAssembly.swift in Sources */,
				52E517082860E36300ABAF09 /* CityAvatar.swift in Sources */,
				52E517002860E2B200ABAF09 /* UIImage + Extensions.swift in Sources */,
				52E516E52860C2B500ABAF09 /* CitiesListViewController.swift in Sources */,
				52E516F22860C55500ABAF09 /* ITWError.swift in Sources */,
			);
			runOnlyForDeploymentPostprocessing = 0;
		};
/* End PBXSourcesBuildPhase section */

/* Begin PBXVariantGroup section */
		52E516D32860C19700ABAF09 /* LaunchScreen.storyboard */ = {
			isa = PBXVariantGroup;
			children = (
				52E516D42860C19700ABAF09 /* Base */,
			);
			name = LaunchScreen.storyboard;
			sourceTree = "<group>";
		};
/* End PBXVariantGroup section */

/* Begin XCBuildConfiguration section */
		52E516D72860C19700ABAF09 /* Debug */ = {
			isa = XCBuildConfiguration;
			buildSettings = {
				ALWAYS_SEARCH_USER_PATHS = NO;
				CLANG_ANALYZER_NONNULL = YES;
				CLANG_ANALYZER_NUMBER_OBJECT_CONVERSION = YES_AGGRESSIVE;
				CLANG_CXX_LANGUAGE_STANDARD = "gnu++17";
				CLANG_CXX_LIBRARY = "libc++";
				CLANG_ENABLE_MODULES = YES;
				CLANG_ENABLE_OBJC_ARC = YES;
				CLANG_ENABLE_OBJC_WEAK = YES;
				CLANG_WARN_BLOCK_CAPTURE_AUTORELEASING = YES;
				CLANG_WARN_BOOL_CONVERSION = YES;
				CLANG_WARN_COMMA = YES;
				CLANG_WARN_CONSTANT_CONVERSION = YES;
				CLANG_WARN_DEPRECATED_OBJC_IMPLEMENTATIONS = YES;
				CLANG_WARN_DIRECT_OBJC_ISA_USAGE = YES_ERROR;
				CLANG_WARN_DOCUMENTATION_COMMENTS = YES;
				CLANG_WARN_EMPTY_BODY = YES;
				CLANG_WARN_ENUM_CONVERSION = YES;
				CLANG_WARN_INFINITE_RECURSION = YES;
				CLANG_WARN_INT_CONVERSION = YES;
				CLANG_WARN_NON_LITERAL_NULL_CONVERSION = YES;
				CLANG_WARN_OBJC_IMPLICIT_RETAIN_SELF = YES;
				CLANG_WARN_OBJC_LITERAL_CONVERSION = YES;
				CLANG_WARN_OBJC_ROOT_CLASS = YES_ERROR;
				CLANG_WARN_QUOTED_INCLUDE_IN_FRAMEWORK_HEADER = YES;
				CLANG_WARN_RANGE_LOOP_ANALYSIS = YES;
				CLANG_WARN_STRICT_PROTOTYPES = YES;
				CLANG_WARN_SUSPICIOUS_MOVE = YES;
				CLANG_WARN_UNGUARDED_AVAILABILITY = YES_AGGRESSIVE;
				CLANG_WARN_UNREACHABLE_CODE = YES;
				CLANG_WARN__DUPLICATE_METHOD_MATCH = YES;
				COPY_PHASE_STRIP = NO;
				DEBUG_INFORMATION_FORMAT = dwarf;
				ENABLE_STRICT_OBJC_MSGSEND = YES;
				ENABLE_TESTABILITY = YES;
				GCC_C_LANGUAGE_STANDARD = gnu11;
				GCC_DYNAMIC_NO_PIC = NO;
				GCC_NO_COMMON_BLOCKS = YES;
				GCC_OPTIMIZATION_LEVEL = 0;
				GCC_PREPROCESSOR_DEFINITIONS = (
					"DEBUG=1",
					"$(inherited)",
				);
				GCC_WARN_64_TO_32_BIT_CONVERSION = YES;
				GCC_WARN_ABOUT_RETURN_TYPE = YES_ERROR;
				GCC_WARN_UNDECLARED_SELECTOR = YES;
				GCC_WARN_UNINITIALIZED_AUTOS = YES_AGGRESSIVE;
				GCC_WARN_UNUSED_FUNCTION = YES;
				GCC_WARN_UNUSED_VARIABLE = YES;
				IPHONEOS_DEPLOYMENT_TARGET = 15.0;
				MTL_ENABLE_DEBUG_INFO = INCLUDE_SOURCE;
				MTL_FAST_MATH = YES;
				ONLY_ACTIVE_ARCH = YES;
				SDKROOT = iphoneos;
				SWIFT_ACTIVE_COMPILATION_CONDITIONS = DEBUG;
				SWIFT_OPTIMIZATION_LEVEL = "-Onone";
			};
			name = Debug;
		};
		52E516D82860C19700ABAF09 /* Release */ = {
			isa = XCBuildConfiguration;
			buildSettings = {
				ALWAYS_SEARCH_USER_PATHS = NO;
				CLANG_ANALYZER_NONNULL = YES;
				CLANG_ANALYZER_NUMBER_OBJECT_CONVERSION = YES_AGGRESSIVE;
				CLANG_CXX_LANGUAGE_STANDARD = "gnu++17";
				CLANG_CXX_LIBRARY = "libc++";
				CLANG_ENABLE_MODULES = YES;
				CLANG_ENABLE_OBJC_ARC = YES;
				CLANG_ENABLE_OBJC_WEAK = YES;
				CLANG_WARN_BLOCK_CAPTURE_AUTORELEASING = YES;
				CLANG_WARN_BOOL_CONVERSION = YES;
				CLANG_WARN_COMMA = YES;
				CLANG_WARN_CONSTANT_CONVERSION = YES;
				CLANG_WARN_DEPRECATED_OBJC_IMPLEMENTATIONS = YES;
				CLANG_WARN_DIRECT_OBJC_ISA_USAGE = YES_ERROR;
				CLANG_WARN_DOCUMENTATION_COMMENTS = YES;
				CLANG_WARN_EMPTY_BODY = YES;
				CLANG_WARN_ENUM_CONVERSION = YES;
				CLANG_WARN_INFINITE_RECURSION = YES;
				CLANG_WARN_INT_CONVERSION = YES;
				CLANG_WARN_NON_LITERAL_NULL_CONVERSION = YES;
				CLANG_WARN_OBJC_IMPLICIT_RETAIN_SELF = YES;
				CLANG_WARN_OBJC_LITERAL_CONVERSION = YES;
				CLANG_WARN_OBJC_ROOT_CLASS = YES_ERROR;
				CLANG_WARN_QUOTED_INCLUDE_IN_FRAMEWORK_HEADER = YES;
				CLANG_WARN_RANGE_LOOP_ANALYSIS = YES;
				CLANG_WARN_STRICT_PROTOTYPES = YES;
				CLANG_WARN_SUSPICIOUS_MOVE = YES;
				CLANG_WARN_UNGUARDED_AVAILABILITY = YES_AGGRESSIVE;
				CLANG_WARN_UNREACHABLE_CODE = YES;
				CLANG_WARN__DUPLICATE_METHOD_MATCH = YES;
				COPY_PHASE_STRIP = NO;
				DEBUG_INFORMATION_FORMAT = "dwarf-with-dsym";
				ENABLE_NS_ASSERTIONS = NO;
				ENABLE_STRICT_OBJC_MSGSEND = YES;
				GCC_C_LANGUAGE_STANDARD = gnu11;
				GCC_NO_COMMON_BLOCKS = YES;
				GCC_WARN_64_TO_32_BIT_CONVERSION = YES;
				GCC_WARN_ABOUT_RETURN_TYPE = YES_ERROR;
				GCC_WARN_UNDECLARED_SELECTOR = YES;
				GCC_WARN_UNINITIALIZED_AUTOS = YES_AGGRESSIVE;
				GCC_WARN_UNUSED_FUNCTION = YES;
				GCC_WARN_UNUSED_VARIABLE = YES;
				IPHONEOS_DEPLOYMENT_TARGET = 15.0;
				MTL_ENABLE_DEBUG_INFO = NO;
				MTL_FAST_MATH = YES;
				SDKROOT = iphoneos;
				SWIFT_COMPILATION_MODE = wholemodule;
				SWIFT_OPTIMIZATION_LEVEL = "-O";
				VALIDATE_PRODUCT = YES;
			};
			name = Release;
		};
		52E516DA2860C19700ABAF09 /* Debug */ = {
			isa = XCBuildConfiguration;
			buildSettings = {
				ASSETCATALOG_COMPILER_APPICON_NAME = AppIcon;
				ASSETCATALOG_COMPILER_GLOBAL_ACCENT_COLOR_NAME = AccentColor;
				CODE_SIGN_STYLE = Automatic;
				CURRENT_PROJECT_VERSION = 1;
				DEVELOPMENT_TEAM = 3PTYV272Z4;
				GENERATE_INFOPLIST_FILE = YES;
				INFOPLIST_FILE = InfoTechWeatherApp/Environment/Info.plist;
				INFOPLIST_KEY_UIApplicationSupportsIndirectInputEvents = YES;
				INFOPLIST_KEY_UILaunchStoryboardName = LaunchScreen;
				INFOPLIST_KEY_UISupportedInterfaceOrientations = UIInterfaceOrientationPortrait;
				INFOPLIST_KEY_UISupportedInterfaceOrientations_iPad = "UIInterfaceOrientationPortrait UIInterfaceOrientationPortraitUpsideDown UIInterfaceOrientationLandscapeLeft UIInterfaceOrientationLandscapeRight";
				INFOPLIST_KEY_UISupportedInterfaceOrientations_iPhone = "UIInterfaceOrientationPortrait UIInterfaceOrientationLandscapeLeft UIInterfaceOrientationLandscapeRight";
				LD_RUNPATH_SEARCH_PATHS = (
					"$(inherited)",
					"@executable_path/Frameworks",
				);
				MARKETING_VERSION = 1.0;
				PRODUCT_BUNDLE_IDENTIFIER = com.kr.ssh.InfoTechWeatherApp;
				PRODUCT_NAME = "$(TARGET_NAME)";
				SWIFT_EMIT_LOC_STRINGS = YES;
				SWIFT_VERSION = 5.0;
				TARGETED_DEVICE_FAMILY = 1;
			};
			name = Debug;
		};
		52E516DB2860C19700ABAF09 /* Release */ = {
			isa = XCBuildConfiguration;
			buildSettings = {
				ASSETCATALOG_COMPILER_APPICON_NAME = AppIcon;
				ASSETCATALOG_COMPILER_GLOBAL_ACCENT_COLOR_NAME = AccentColor;
				CODE_SIGN_STYLE = Automatic;
				CURRENT_PROJECT_VERSION = 1;
				DEVELOPMENT_TEAM = 3PTYV272Z4;
				GENERATE_INFOPLIST_FILE = YES;
				INFOPLIST_FILE = InfoTechWeatherApp/Environment/Info.plist;
				INFOPLIST_KEY_UIApplicationSupportsIndirectInputEvents = YES;
				INFOPLIST_KEY_UILaunchStoryboardName = LaunchScreen;
				INFOPLIST_KEY_UISupportedInterfaceOrientations = UIInterfaceOrientationPortrait;
				INFOPLIST_KEY_UISupportedInterfaceOrientations_iPad = "UIInterfaceOrientationPortrait UIInterfaceOrientationPortraitUpsideDown UIInterfaceOrientationLandscapeLeft UIInterfaceOrientationLandscapeRight";
				INFOPLIST_KEY_UISupportedInterfaceOrientations_iPhone = "UIInterfaceOrientationPortrait UIInterfaceOrientationLandscapeLeft UIInterfaceOrientationLandscapeRight";
				LD_RUNPATH_SEARCH_PATHS = (
					"$(inherited)",
					"@executable_path/Frameworks",
				);
				MARKETING_VERSION = 1.0;
				PRODUCT_BUNDLE_IDENTIFIER = com.kr.ssh.InfoTechWeatherApp;
				PRODUCT_NAME = "$(TARGET_NAME)";
				SWIFT_EMIT_LOC_STRINGS = YES;
				SWIFT_VERSION = 5.0;
				TARGETED_DEVICE_FAMILY = 1;
			};
			name = Release;
		};
/* End XCBuildConfiguration section */

/* Begin XCConfigurationList section */
		52E516C02860C19600ABAF09 /* Build configuration list for PBXProject "InfoTechWeatherApp" */ = {
			isa = XCConfigurationList;
			buildConfigurations = (
				52E516D72860C19700ABAF09 /* Debug */,
				52E516D82860C19700ABAF09 /* Release */,
			);
			defaultConfigurationIsVisible = 0;
			defaultConfigurationName = Release;
		};
		52E516D92860C19700ABAF09 /* Build configuration list for PBXNativeTarget "InfoTechWeatherApp" */ = {
			isa = XCConfigurationList;
			buildConfigurations = (
				52E516DA2860C19700ABAF09 /* Debug */,
				52E516DB2860C19700ABAF09 /* Release */,
			);
			defaultConfigurationIsVisible = 0;
			defaultConfigurationName = Release;
		};
/* End XCConfigurationList section */
	};
	rootObject = 52E516BD2860C19600ABAF09 /* Project object */;
}
